
Microsoft Visual Studio Solution File, Format Version 12.00
# Visual Studio Version 17
VisualStudioVersion = 17.11.35222.181
MinimumVisualStudioVersion = 10.0.40219.1
Project("{8BC9CEB8-8B4A-11D0-8D11-00A0C91BC942}") = "Opdracht1", "Opdracht1\Opdracht1.vcxproj", "{02E89EDF-FC16-4D74-ADA2-86E7032220AF}"
EndProject
Project("{8BC9CEB8-8B4A-11D0-8D11-00A0C91BC942}") = "Opdracht2", "Opdracht2\Opdracht2.vcxproj", "{C9315E2B-6B98-4C6A-8F22-C38DB22AE6D4}"
EndProject
Project("{8BC9CEB8-8B4A-11D0-8D11-00A0C91BC942}") = "Opdracht3", "Opdracht3\Opdracht3.vcxproj", "{44CF75AF-A32D-45E9-A5A4-A7D784416B79}"
EndProject
Project("{8BC9CEB8-8B4A-11D0-8D11-00A0C91BC942}") = "Opdracht4", "Opdracht4\Opdracht4.vcxproj", "{FF10ADB6-6276-441D-BDF5-F92E9C0FE654}"
EndProject
Project("{8BC9CEB8-8B4A-11D0-8D11-00A0C91BC942}") = "Opdracht5", "Opdracht5\Opdracht5.vcxproj", "{BF28B08B-BA33-4D5B-B288-6131CDDB660F}"
EndProject
Project("{8BC9CEB8-8B4A-11D0-8D11-00A0C91BC942}") = "Opdracht6", "Opdracht6\Opdracht6.vcxproj", "{0CB3F24C-B985-4506-B239-3B565F465AAC}"
EndProject
Project("{8BC9CEB8-8B4A-11D0-8D11-00A0C91BC942}") = "Opdracht7", "Opdracht7\Opdracht7.vcxproj", "{1CC89C69-0038-4D16-8566-195887ECE347}"
EndProject
Project("{8BC9CEB8-8B4A-11D0-8D11-00A0C91BC942}") = "Opdracht8", "Opdracht8\Opdracht8.vcxproj", "{05938E62-7818-4245-BCF4-71524F66F345}"
EndProject
Global
	GlobalSection(SolutionConfigurationPlatforms) = preSolution
		Debug|x64 = Debug|x64
		Debug|x86 = Debug|x86
		Release|x64 = Release|x64
		Release|x86 = Release|x86
	EndGlobalSection
	GlobalSection(ProjectConfigurationPlatforms) = postSolution
		{02E89EDF-FC16-4D74-ADA2-86E7032220AF}.Debug|x64.ActiveCfg = Debug|x64
		{02E89EDF-FC16-4D74-ADA2-86E7032220AF}.Debug|x64.Build.0 = Debug|x64
		{02E89EDF-FC16-4D74-ADA2-86E7032220AF}.Debug|x86.ActiveCfg = Debug|Win32
		{02E89EDF-FC16-4D74-ADA2-86E7032220AF}.Debug|x86.Build.0 = Debug|Win32
		{02E89EDF-FC16-4D74-ADA2-86E7032220AF}.Release|x64.ActiveCfg = Release|x64
		{02E89EDF-FC16-4D74-ADA2-86E7032220AF}.Release|x64.Build.0 = Release|x64
		{02E89EDF-FC16-4D74-ADA2-86E7032220AF}.Release|x86.ActiveCfg = Release|Win32
		{02E89EDF-FC16-4D74-ADA2-86E7032220AF}.Release|x86.Build.0 = Release|Win32
		{C9315E2B-6B98-4C6A-8F22-C38DB22AE6D4}.Debug|x64.ActiveCfg = Debug|x64
		{C9315E2B-6B98-4C6A-8F22-C38DB22AE6D4}.Debug|x64.Build.0 = Debug|x64
		{C9315E2B-6B98-4C6A-8F22-C38DB22AE6D4}.Debug|x86.ActiveCfg = Debug|Win32
		{C9315E2B-6B98-4C6A-8F22-C38DB22AE6D4}.Debug|x86.Build.0 = Debug|Win32
		{C9315E2B-6B98-4C6A-8F22-C38DB22AE6D4}.Release|x64.ActiveCfg = Release|x64
		{C9315E2B-6B98-4C6A-8F22-C38DB22AE6D4}.Release|x64.Build.0 = Release|x64
		{C9315E2B-6B98-4C6A-8F22-C38DB22AE6D4}.Release|x86.ActiveCfg = Release|Win32
		{C9315E2B-6B98-4C6A-8F22-C38DB22AE6D4}.Release|x86.Build.0 = Release|Win32
		{44CF75AF-A32D-45E9-A5A4-A7D784416B79}.Debug|x64.ActiveCfg = Debug|x64
		{44CF75AF-A32D-45E9-A5A4-A7D784416B79}.Debug|x64.Build.0 = Debug|x64
		{44CF75AF-A32D-45E9-A5A4-A7D784416B79}.Debug|x86.ActiveCfg = Debug|Win32
		{44CF75AF-A32D-45E9-A5A4-A7D784416B79}.Debug|x86.Build.0 = Debug|Win32
		{44CF75AF-A32D-45E9-A5A4-A7D784416B79}.Release|x64.ActiveCfg = Release|x64
		{44CF75AF-A32D-45E9-A5A4-A7D784416B79}.Release|x64.Build.0 = Release|x64
		{44CF75AF-A32D-45E9-A5A4-A7D784416B79}.Release|x86.ActiveCfg = Release|Win32
		{44CF75AF-A32D-45E9-A5A4-A7D784416B79}.Release|x86.Build.0 = Release|Win32
		{FF10ADB6-6276-441D-BDF5-F92E9C0FE654}.Debug|x64.ActiveCfg = Debug|x64
		{FF10ADB6-6276-441D-BDF5-F92E9C0FE654}.Debug|x64.Build.0 = Debug|x64
		{FF10ADB6-6276-441D-BDF5-F92E9C0FE654}.Debug|x86.ActiveCfg = Debug|Win32
		{FF10ADB6-6276-441D-BDF5-F92E9C0FE654}.Debug|x86.Build.0 = Debug|Win32
		{FF10ADB6-6276-441D-BDF5-F92E9C0FE654}.Release|x64.ActiveCfg = Release|x64
		{FF10ADB6-6276-441D-BDF5-F92E9C0FE654}.Release|x64.Build.0 = Release|x64
		{FF10ADB6-6276-441D-BDF5-F92E9C0FE654}.Release|x86.ActiveCfg = Release|Win32
		{FF10ADB6-6276-441D-BDF5-F92E9C0FE654}.Release|x86.Build.0 = Release|Win32
		{BF28B08B-BA33-4D5B-B288-6131CDDB660F}.Debug|x64.ActiveCfg = Debug|x64
		{BF28B08B-BA33-4D5B-B288-6131CDDB660F}.Debug|x64.Build.0 = Debug|x64
		{BF28B08B-BA33-4D5B-B288-6131CDDB660F}.Debug|x86.ActiveCfg = Debug|Win32
		{BF28B08B-BA33-4D5B-B288-6131CDDB660F}.Debug|x86.Build.0 = Debug|Win32
		{BF28B08B-BA33-4D5B-B288-6131CDDB660F}.Release|x64.ActiveCfg = Release|x64
		{BF28B08B-BA33-4D5B-B288-6131CDDB660F}.Release|x64.Build.0 = Release|x64
		{BF28B08B-BA33-4D5B-B288-6131CDDB660F}.Release|x86.ActiveCfg = Release|Win32
		{BF28B08B-BA33-4D5B-B288-6131CDDB660F}.Release|x86.Build.0 = Release|Win32
		{0CB3F24C-B985-4506-B239-3B565F465AAC}.Debug|x64.ActiveCfg = Debug|x64
		{0CB3F24C-B985-4506-B239-3B565F465AAC}.Debug|x64.Build.0 = Debug|x64
		{0CB3F24C-B985-4506-B239-3B565F465AAC}.Debug|x86.ActiveCfg = Debug|Win32
		{0CB3F24C-B985-4506-B239-3B565F465AAC}.Debug|x86.Build.0 = Debug|Win32
		{0CB3F24C-B985-4506-B239-3B565F465AAC}.Release|x64.ActiveCfg = Release|x64
		{0CB3F24C-B985-4506-B239-3B565F465AAC}.Release|x64.Build.0 = Release|x64
		{0CB3F24C-B985-4506-B239-3B565F465AAC}.Release|x86.ActiveCfg = Release|Win32
		{0CB3F24C-B985-4506-B239-3B565F465AAC}.Release|x86.Build.0 = Release|Win32
		{1CC89C69-0038-4D16-8566-195887ECE347}.Debug|x64.ActiveCfg = Debug|x64
		{1CC89C69-0038-4D16-8566-195887ECE347}.Debug|x64.Build.0 = Debug|x64
		{1CC89C69-0038-4D16-8566-195887ECE347}.Debug|x86.ActiveCfg = Debug|Win32
		{1CC89C69-0038-4D16-8566-195887ECE347}.Debug|x86.Build.0 = Debug|Win32
		{1CC89C69-0038-4D16-8566-195887ECE347}.Release|x64.ActiveCfg = Release|x64
		{1CC89C69-0038-4D16-8566-195887ECE347}.Release|x64.Build.0 = Release|x64
		{1CC89C69-0038-4D16-8566-195887ECE347}.Release|x86.ActiveCfg = Release|Win32
		{1CC89C69-0038-4D16-8566-195887ECE347}.Release|x86.Build.0 = Release|Win32
		{05938E62-7818-4245-BCF4-71524F66F345}.Debug|x64.ActiveCfg = Debug|x64
		{05938E62-7818-4245-BCF4-71524F66F345}.Debug|x64.Build.0 = Debug|x64
		{05938E62-7818-4245-BCF4-71524F66F345}.Debug|x86.ActiveCfg = Debug|Win32
		{05938E62-7818-4245-BCF4-71524F66F345}.Debug|x86.Build.0 = Debug|Win32
		{05938E62-7818-4245-BCF4-71524F66F345}.Release|x64.ActiveCfg = Release|x64
		{05938E62-7818-4245-BCF4-71524F66F345}.Release|x64.Build.0 = Release|x64
		{05938E62-7818-4245-BCF4-71524F66F345}.Release|x86.ActiveCfg = Release|Win32
		{05938E62-7818-4245-BCF4-71524F66F345}.Release|x86.Build.0 = Release|Win32
	EndGlobalSection
	GlobalSection(SolutionProperties) = preSolution
		HideSolutionNode = FALSE
	EndGlobalSection
	GlobalSection(ExtensibilityGlobals) = postSolution
		SolutionGuid = {5CB0C521-CE8A-43CB-93A7-778BD5902218}
	EndGlobalSection
EndGlobal
