
Microsoft Visual Studio Solution File, Format Version 12.00
# Visual Studio Version 17
VisualStudioVersion = 17.11.35222.181
MinimumVisualStudioVersion = 10.0.40219.1
Project("{8BC9CEB8-8B4A-11D0-8D11-00A0C91BC942}") = "Opdracht1", "Opdracht1\Opdracht1.vcxproj", "{02E89EDF-FC16-4D74-ADA2-86E7032220AF}"
EndProject
Project("{8BC9CEB8-8B4A-11D0-8D11-00A0C91BC942}") = "Opdracht2", "Opdracht2\Opdracht2.vcxproj", "{C9315E2B-6B98-4C6A-8F22-C38DB22AE6D4}"
EndProject
Project("{8BC9CEB8-8B4A-11D0-8D11-00A0C91BC942}") = "Opdracht3", "Opdracht3\Opdracht3.vcxproj", "{44CF75AF-A32D-45E9-A5A4-A7D784416B79}"
EndProject
Project("{8BC9CEB8-8B4A-11D0-8D11-00A0C91BC942}") = "Opdracht4", "Opdracht4\Opdracht4.vcxproj", "{FF10ADB6-6276-441D-BDF5-F92E9C0FE654}"
EndProject
Project("{8BC9CEB8-8B4A-11D0-8D11-00A0C91BC942}") = "Opdracht5", "Opdracht5\Opdracht5.vcxproj", "{BF28B08B-BA33-4D5B-B288-6131CDDB660F}"
EndProject
Project("{8BC9CEB8-8B4A-11D0-8D11-00A0C91BC942}") = "Opdracht6", "Opdracht6\Opdracht6.vcxproj", "{0CB3F24C-B985-4506-B239-3B565F465AAC}"
EndProject
Project("{8BC9CEB8-8B4A-11D0-8D11-00A0C91BC942}") = "Opdracht7", "Opdracht7\Opdracht7.vcxproj", "{1CC89C69-0038-4D16-8566-195887ECE347}"
EndProject
Project("{8BC9CEB8-8B4A-11D0-8D11-00A0C91BC942}") = "Opdracht8", "Opdracht8\Opdracht8.vcxproj", "{05938E62-7818-4245-BCF4-71524F66F345}"
EndProject
Project("{8BC9CEB8-8B4A-11D0-8D11-00A0C91BC942}") = "Opdracht9", "Opdracht9\Opdracht9.vcxproj", "{9EDB8221-FB5F-4A56-BBE4-7706B4402A10}"
EndProject
Project("{8BC9CEB8-8B4A-11D0-8D11-00A0C91BC942}") = "Opdracht10", "Opdracht10\Opdracht10.vcxproj", "{2140BC50-460A-44F7-A731-6994C76CF7A4}"
EndProject
Project("{8BC9CEB8-8B4A-11D0-8D11-00A0C91BC942}") = "Opdracht11", "Opdracht11\Opdracht11.vcxproj", "{83D6B377-5134-4335-8E4F-07F47D0D2D52}"
EndProject
Project("{8BC9CEB8-8B4A-11D0-8D11-00A0C91BC942}") = "Opdracht12", "Opdracht12\Opdracht12.vcxproj", "{C8922DFB-DA57-49D3-ADB5-CBBF49A4D229}"
EndProject
Project("{8BC9CEB8-8B4A-11D0-8D11-00A0C91BC942}") = "Opdracht13", "Opdracht13\Opdracht13.vcxproj", "{1797A519-BD45-447A-90B4-3486560CEB2D}"
EndProject
Project("{8BC9CEB8-8B4A-11D0-8D11-00A0C91BC942}") = "Opdracht14", "Opdracht14\Opdracht14.vcxproj", "{98CF9413-0066-4217-8867-7D0C500C9D1E}"
EndProject
Project("{8BC9CEB8-8B4A-11D0-8D11-00A0C91BC942}") = "Opdracht15", "Opdracht15\Opdracht15.vcxproj", "{5AC33569-CA54-4DE3-8ADD-6F0D91DDF229}"
EndProject
Global
	GlobalSection(SolutionConfigurationPlatforms) = preSolution
		Debug|x64 = Debug|x64
		Debug|x86 = Debug|x86
		Release|x64 = Release|x64
		Release|x86 = Release|x86
	EndGlobalSection
	GlobalSection(ProjectConfigurationPlatforms) = postSolution
		{02E89EDF-FC16-4D74-ADA2-86E7032220AF}.Debug|x64.ActiveCfg = Debug|x64
		{02E89EDF-FC16-4D74-ADA2-86E7032220AF}.Debug|x64.Build.0 = Debug|x64
		{02E89EDF-FC16-4D74-ADA2-86E7032220AF}.Debug|x86.ActiveCfg = Debug|Win32
		{02E89EDF-FC16-4D74-ADA2-86E7032220AF}.Debug|x86.Build.0 = Debug|Win32
		{02E89EDF-FC16-4D74-ADA2-86E7032220AF}.Release|x64.ActiveCfg = Release|x64
		{02E89EDF-FC16-4D74-ADA2-86E7032220AF}.Release|x64.Build.0 = Release|x64
		{02E89EDF-FC16-4D74-ADA2-86E7032220AF}.Release|x86.ActiveCfg = Release|Win32
		{02E89EDF-FC16-4D74-ADA2-86E7032220AF}.Release|x86.Build.0 = Release|Win32
		{C9315E2B-6B98-4C6A-8F22-C38DB22AE6D4}.Debug|x64.ActiveCfg = Debug|x64
		{C9315E2B-6B98-4C6A-8F22-C38DB22AE6D4}.Debug|x64.Build.0 = Debug|x64
		{C9315E2B-6B98-4C6A-8F22-C38DB22AE6D4}.Debug|x86.ActiveCfg = Debug|Win32
		{C9315E2B-6B98-4C6A-8F22-C38DB22AE6D4}.Debug|x86.Build.0 = Debug|Win32
		{C9315E2B-6B98-4C6A-8F22-C38DB22AE6D4}.Release|x64.ActiveCfg = Release|x64
		{C9315E2B-6B98-4C6A-8F22-C38DB22AE6D4}.Release|x64.Build.0 = Release|x64
		{C9315E2B-6B98-4C6A-8F22-C38DB22AE6D4}.Release|x86.ActiveCfg = Release|Win32
		{C9315E2B-6B98-4C6A-8F22-C38DB22AE6D4}.Release|x86.Build.0 = Release|Win32
		{44CF75AF-A32D-45E9-A5A4-A7D784416B79}.Debug|x64.ActiveCfg = Debug|x64
		{44CF75AF-A32D-45E9-A5A4-A7D784416B79}.Debug|x64.Build.0 = Debug|x64
		{44CF75AF-A32D-45E9-A5A4-A7D784416B79}.Debug|x86.ActiveCfg = Debug|Win32
		{44CF75AF-A32D-45E9-A5A4-A7D784416B79}.Debug|x86.Build.0 = Debug|Win32
		{44CF75AF-A32D-45E9-A5A4-A7D784416B79}.Release|x64.ActiveCfg = Release|x64
		{44CF75AF-A32D-45E9-A5A4-A7D784416B79}.Release|x64.Build.0 = Release|x64
		{44CF75AF-A32D-45E9-A5A4-A7D784416B79}.Release|x86.ActiveCfg = Release|Win32
		{44CF75AF-A32D-45E9-A5A4-A7D784416B79}.Release|x86.Build.0 = Release|Win32
		{FF10ADB6-6276-441D-BDF5-F92E9C0FE654}.Debug|x64.ActiveCfg = Debug|x64
		{FF10ADB6-6276-441D-BDF5-F92E9C0FE654}.Debug|x64.Build.0 = Debug|x64
		{FF10ADB6-6276-441D-BDF5-F92E9C0FE654}.Debug|x86.ActiveCfg = Debug|Win32
		{FF10ADB6-6276-441D-BDF5-F92E9C0FE654}.Debug|x86.Build.0 = Debug|Win32
		{FF10ADB6-6276-441D-BDF5-F92E9C0FE654}.Release|x64.ActiveCfg = Release|x64
		{FF10ADB6-6276-441D-BDF5-F92E9C0FE654}.Release|x64.Build.0 = Release|x64
		{FF10ADB6-6276-441D-BDF5-F92E9C0FE654}.Release|x86.ActiveCfg = Release|Win32
		{FF10ADB6-6276-441D-BDF5-F92E9C0FE654}.Release|x86.Build.0 = Release|Win32
		{BF28B08B-BA33-4D5B-B288-6131CDDB660F}.Debug|x64.ActiveCfg = Debug|x64
		{BF28B08B-BA33-4D5B-B288-6131CDDB660F}.Debug|x64.Build.0 = Debug|x64
		{BF28B08B-BA33-4D5B-B288-6131CDDB660F}.Debug|x86.ActiveCfg = Debug|Win32
		{BF28B08B-BA33-4D5B-B288-6131CDDB660F}.Debug|x86.Build.0 = Debug|Win32
		{BF28B08B-BA33-4D5B-B288-6131CDDB660F}.Release|x64.ActiveCfg = Release|x64
		{BF28B08B-BA33-4D5B-B288-6131CDDB660F}.Release|x64.Build.0 = Release|x64
		{BF28B08B-BA33-4D5B-B288-6131CDDB660F}.Release|x86.ActiveCfg = Release|Win32
		{BF28B08B-BA33-4D5B-B288-6131CDDB660F}.Release|x86.Build.0 = Release|Win32
		{0CB3F24C-B985-4506-B239-3B565F465AAC}.Debug|x64.ActiveCfg = Debug|x64
		{0CB3F24C-B985-4506-B239-3B565F465AAC}.Debug|x64.Build.0 = Debug|x64
		{0CB3F24C-B985-4506-B239-3B565F465AAC}.Debug|x86.ActiveCfg = Debug|Win32
		{0CB3F24C-B985-4506-B239-3B565F465AAC}.Debug|x86.Build.0 = Debug|Win32
		{0CB3F24C-B985-4506-B239-3B565F465AAC}.Release|x64.ActiveCfg = Release|x64
		{0CB3F24C-B985-4506-B239-3B565F465AAC}.Release|x64.Build.0 = Release|x64
		{0CB3F24C-B985-4506-B239-3B565F465AAC}.Release|x86.ActiveCfg = Release|Win32
		{0CB3F24C-B985-4506-B239-3B565F465AAC}.Release|x86.Build.0 = Release|Win32
		{1CC89C69-0038-4D16-8566-195887ECE347}.Debug|x64.ActiveCfg = Debug|x64
		{1CC89C69-0038-4D16-8566-195887ECE347}.Debug|x64.Build.0 = Debug|x64
		{1CC89C69-0038-4D16-8566-195887ECE347}.Debug|x86.ActiveCfg = Debug|Win32
		{1CC89C69-0038-4D16-8566-195887ECE347}.Debug|x86.Build.0 = Debug|Win32
		{1CC89C69-0038-4D16-8566-195887ECE347}.Release|x64.ActiveCfg = Release|x64
		{1CC89C69-0038-4D16-8566-195887ECE347}.Release|x64.Build.0 = Release|x64
		{1CC89C69-0038-4D16-8566-195887ECE347}.Release|x86.ActiveCfg = Release|Win32
		{1CC89C69-0038-4D16-8566-195887ECE347}.Release|x86.Build.0 = Release|Win32
		{05938E62-7818-4245-BCF4-71524F66F345}.Debug|x64.ActiveCfg = Debug|x64
		{05938E62-7818-4245-BCF4-71524F66F345}.Debug|x64.Build.0 = Debug|x64
		{05938E62-7818-4245-BCF4-71524F66F345}.Debug|x86.ActiveCfg = Debug|Win32
		{05938E62-7818-4245-BCF4-71524F66F345}.Debug|x86.Build.0 = Debug|Win32
		{05938E62-7818-4245-BCF4-71524F66F345}.Release|x64.ActiveCfg = Release|x64
		{05938E62-7818-4245-BCF4-71524F66F345}.Release|x64.Build.0 = Release|x64
		{05938E62-7818-4245-BCF4-71524F66F345}.Release|x86.ActiveCfg = Release|Win32
		{05938E62-7818-4245-BCF4-71524F66F345}.Release|x86.Build.0 = Release|Win32
		{9EDB8221-FB5F-4A56-BBE4-7706B4402A10}.Debug|x64.ActiveCfg = Debug|x64
		{9EDB8221-FB5F-4A56-BBE4-7706B4402A10}.Debug|x64.Build.0 = Debug|x64
		{9EDB8221-FB5F-4A56-BBE4-7706B4402A10}.Debug|x86.ActiveCfg = Debug|Win32
		{9EDB8221-FB5F-4A56-BBE4-7706B4402A10}.Debug|x86.Build.0 = Debug|Win32
		{9EDB8221-FB5F-4A56-BBE4-7706B4402A10}.Release|x64.ActiveCfg = Release|x64
		{9EDB8221-FB5F-4A56-BBE4-7706B4402A10}.Release|x64.Build.0 = Release|x64
		{9EDB8221-FB5F-4A56-BBE4-7706B4402A10}.Release|x86.ActiveCfg = Release|Win32
		{9EDB8221-FB5F-4A56-BBE4-7706B4402A10}.Release|x86.Build.0 = Release|Win32
		{2140BC50-460A-44F7-A731-6994C76CF7A4}.Debug|x64.ActiveCfg = Debug|x64
		{2140BC50-460A-44F7-A731-6994C76CF7A4}.Debug|x64.Build.0 = Debug|x64
		{2140BC50-460A-44F7-A731-6994C76CF7A4}.Debug|x86.ActiveCfg = Debug|Win32
		{2140BC50-460A-44F7-A731-6994C76CF7A4}.Debug|x86.Build.0 = Debug|Win32
		{2140BC50-460A-44F7-A731-6994C76CF7A4}.Release|x64.ActiveCfg = Release|x64
		{2140BC50-460A-44F7-A731-6994C76CF7A4}.Release|x64.Build.0 = Release|x64
		{2140BC50-460A-44F7-A731-6994C76CF7A4}.Release|x86.ActiveCfg = Release|Win32
		{2140BC50-460A-44F7-A731-6994C76CF7A4}.Release|x86.Build.0 = Release|Win32
		{83D6B377-5134-4335-8E4F-07F47D0D2D52}.Debug|x64.ActiveCfg = Debug|x64
		{83D6B377-5134-4335-8E4F-07F47D0D2D52}.Debug|x64.Build.0 = Debug|x64
		{83D6B377-5134-4335-8E4F-07F47D0D2D52}.Debug|x86.ActiveCfg = Debug|Win32
		{83D6B377-5134-4335-8E4F-07F47D0D2D52}.Debug|x86.Build.0 = Debug|Win32
		{83D6B377-5134-4335-8E4F-07F47D0D2D52}.Release|x64.ActiveCfg = Release|x64
		{83D6B377-5134-4335-8E4F-07F47D0D2D52}.Release|x64.Build.0 = Release|x64
		{83D6B377-5134-4335-8E4F-07F47D0D2D52}.Release|x86.ActiveCfg = Release|Win32
		{83D6B377-5134-4335-8E4F-07F47D0D2D52}.Release|x86.Build.0 = Release|Win32
		{C8922DFB-DA57-49D3-ADB5-CBBF49A4D229}.Debug|x64.ActiveCfg = Debug|x64
		{C8922DFB-DA57-49D3-ADB5-CBBF49A4D229}.Debug|x64.Build.0 = Debug|x64
		{C8922DFB-DA57-49D3-ADB5-CBBF49A4D229}.Debug|x86.ActiveCfg = Debug|Win32
		{C8922DFB-DA57-49D3-ADB5-CBBF49A4D229}.Debug|x86.Build.0 = Debug|Win32
		{C8922DFB-DA57-49D3-ADB5-CBBF49A4D229}.Release|x64.ActiveCfg = Release|x64
		{C8922DFB-DA57-49D3-ADB5-CBBF49A4D229}.Release|x64.Build.0 = Release|x64
		{C8922DFB-DA57-49D3-ADB5-CBBF49A4D229}.Release|x86.ActiveCfg = Release|Win32
		{C8922DFB-DA57-49D3-ADB5-CBBF49A4D229}.Release|x86.Build.0 = Release|Win32
		{1797A519-BD45-447A-90B4-3486560CEB2D}.Debug|x64.ActiveCfg = Debug|x64
		{1797A519-BD45-447A-90B4-3486560CEB2D}.Debug|x64.Build.0 = Debug|x64
		{1797A519-BD45-447A-90B4-3486560CEB2D}.Debug|x86.ActiveCfg = Debug|Win32
		{1797A519-BD45-447A-90B4-3486560CEB2D}.Debug|x86.Build.0 = Debug|Win32
		{1797A519-BD45-447A-90B4-3486560CEB2D}.Release|x64.ActiveCfg = Release|x64
		{1797A519-BD45-447A-90B4-3486560CEB2D}.Release|x64.Build.0 = Release|x64
		{1797A519-BD45-447A-90B4-3486560CEB2D}.Release|x86.ActiveCfg = Release|Win32
		{1797A519-BD45-447A-90B4-3486560CEB2D}.Release|x86.Build.0 = Release|Win32
		{98CF9413-0066-4217-8867-7D0C500C9D1E}.Debug|x64.ActiveCfg = Debug|x64
		{98CF9413-0066-4217-8867-7D0C500C9D1E}.Debug|x64.Build.0 = Debug|x64
		{98CF9413-0066-4217-8867-7D0C500C9D1E}.Debug|x86.ActiveCfg = Debug|Win32
		{98CF9413-0066-4217-8867-7D0C500C9D1E}.Debug|x86.Build.0 = Debug|Win32
		{98CF9413-0066-4217-8867-7D0C500C9D1E}.Release|x64.ActiveCfg = Release|x64
		{98CF9413-0066-4217-8867-7D0C500C9D1E}.Release|x64.Build.0 = Release|x64
		{98CF9413-0066-4217-8867-7D0C500C9D1E}.Release|x86.ActiveCfg = Release|Win32
		{98CF9413-0066-4217-8867-7D0C500C9D1E}.Release|x86.Build.0 = Release|Win32
		{5AC33569-CA54-4DE3-8ADD-6F0D91DDF229}.Debug|x64.ActiveCfg = Debug|x64
		{5AC33569-CA54-4DE3-8ADD-6F0D91DDF229}.Debug|x64.Build.0 = Debug|x64
		{5AC33569-CA54-4DE3-8ADD-6F0D91DDF229}.Debug|x86.ActiveCfg = Debug|Win32
		{5AC33569-CA54-4DE3-8ADD-6F0D91DDF229}.Debug|x86.Build.0 = Debug|Win32
		{5AC33569-CA54-4DE3-8ADD-6F0D91DDF229}.Release|x64.ActiveCfg = Release|x64
		{5AC33569-CA54-4DE3-8ADD-6F0D91DDF229}.Release|x64.Build.0 = Release|x64
		{5AC33569-CA54-4DE3-8ADD-6F0D91DDF229}.Release|x86.ActiveCfg = Release|Win32
		{5AC33569-CA54-4DE3-8ADD-6F0D91DDF229}.Release|x86.Build.0 = Release|Win32
	EndGlobalSection
	GlobalSection(SolutionProperties) = preSolution
		HideSolutionNode = FALSE
	EndGlobalSection
	GlobalSection(ExtensibilityGlobals) = postSolution
		SolutionGuid = {5CB0C521-CE8A-43CB-93A7-778BD5902218}
	EndGlobalSection
EndGlobal
