
Microsoft Visual Studio Solution File, Format Version 12.00
# Visual Studio Version 17
VisualStudioVersion = 17.11.35222.181
MinimumVisualStudioVersion = 10.0.40219.1
Project("{8BC9CEB8-8B4A-11D0-8D11-00A0C91BC942}") = "Opdracht1", "Opdracht1\Opdracht1.vcxproj", "{9F3B756C-2884-48EB-80C3-2DB47074BAE7}"
EndProject
Project("{8BC9CEB8-8B4A-11D0-8D11-00A0C91BC942}") = "Opdracht2", "Opdracht2\Opdracht2.vcxproj", "{2872EDFF-02B0-4136-8E6D-358A5B16A61C}"
EndProject
Project("{8BC9CEB8-8B4A-11D0-8D11-00A0C91BC942}") = "Opdracht5", "Opdracht3\Opdracht3.vcxproj", "{478076CC-8002-4E44-B788-8DAA7396EBDF}"
EndProject
Project("{8BC9CEB8-8B4A-11D0-8D11-00A0C91BC942}") = "Opdracht6", "Opdracht6\Opdracht6.vcxproj", "{36D5390A-0D9D-4CB1-A5AC-811D28476558}"
EndProject
Project("{8BC9CEB8-8B4A-11D0-8D11-00A0C91BC942}") = "Opdracht7", "Opdracht 7\Opdracht 7.vcxproj", "{6C5669B9-E2A3-4833-B8A3-6AA70160AFA8}"
EndProject
Project("{8BC9CEB8-8B4A-11D0-8D11-00A0C91BC942}") = "Opdracht8", "Opdracht8\Opdracht8.vcxproj", "{197DA34E-057B-4743-A5F0-F2C77EB802D2}"
EndProject
Project("{8BC9CEB8-8B4A-11D0-8D11-00A0C91BC942}") = "Opdracht9", "Opdracht9\Opdracht9.vcxproj", "{54496C35-7596-412C-8F35-60B3651CD31E}"
EndProject
Project("{8BC9CEB8-8B4A-11D0-8D11-00A0C91BC942}") = "Opdracht10", "Opdracht10\Opdracht10.vcxproj", "{3FC7CD8B-E553-4AB3-8D62-E30CB4D4BCFA}"
EndProject
Project("{8BC9CEB8-8B4A-11D0-8D11-00A0C91BC942}") = "Opdracht11", "Opdracht11\Opdracht11.vcxproj", "{BE3E633A-8068-4424-AEE2-432F3B4B689C}"
EndProject
Project("{8BC9CEB8-8B4A-11D0-8D11-00A0C91BC942}") = "Opdracht12", "Opdracht12\Opdracht12.vcxproj", "{A260DDC6-8EA3-4981-80F3-779A510AE382}"
EndProject
Global
	GlobalSection(SolutionConfigurationPlatforms) = preSolution
		Debug|x64 = Debug|x64
		Debug|x86 = Debug|x86
		Release|x64 = Release|x64
		Release|x86 = Release|x86
	EndGlobalSection
	GlobalSection(ProjectConfigurationPlatforms) = postSolution
		{9F3B756C-2884-48EB-80C3-2DB47074BAE7}.Debug|x64.ActiveCfg = Debug|x64
		{9F3B756C-2884-48EB-80C3-2DB47074BAE7}.Debug|x64.Build.0 = Debug|x64
		{9F3B756C-2884-48EB-80C3-2DB47074BAE7}.Debug|x86.ActiveCfg = Debug|Win32
		{9F3B756C-2884-48EB-80C3-2DB47074BAE7}.Debug|x86.Build.0 = Debug|Win32
		{9F3B756C-2884-48EB-80C3-2DB47074BAE7}.Release|x64.ActiveCfg = Release|x64
		{9F3B756C-2884-48EB-80C3-2DB47074BAE7}.Release|x64.Build.0 = Release|x64
		{9F3B756C-2884-48EB-80C3-2DB47074BAE7}.Release|x86.ActiveCfg = Release|Win32
		{9F3B756C-2884-48EB-80C3-2DB47074BAE7}.Release|x86.Build.0 = Release|Win32
		{2872EDFF-02B0-4136-8E6D-358A5B16A61C}.Debug|x64.ActiveCfg = Debug|x64
		{2872EDFF-02B0-4136-8E6D-358A5B16A61C}.Debug|x64.Build.0 = Debug|x64
		{2872EDFF-02B0-4136-8E6D-358A5B16A61C}.Debug|x86.ActiveCfg = Debug|Win32
		{2872EDFF-02B0-4136-8E6D-358A5B16A61C}.Debug|x86.Build.0 = Debug|Win32
		{2872EDFF-02B0-4136-8E6D-358A5B16A61C}.Release|x64.ActiveCfg = Release|x64
		{2872EDFF-02B0-4136-8E6D-358A5B16A61C}.Release|x64.Build.0 = Release|x64
		{2872EDFF-02B0-4136-8E6D-358A5B16A61C}.Release|x86.ActiveCfg = Release|Win32
		{2872EDFF-02B0-4136-8E6D-358A5B16A61C}.Release|x86.Build.0 = Release|Win32
		{478076CC-8002-4E44-B788-8DAA7396EBDF}.Debug|x64.ActiveCfg = Debug|x64
		{478076CC-8002-4E44-B788-8DAA7396EBDF}.Debug|x64.Build.0 = Debug|x64
		{478076CC-8002-4E44-B788-8DAA7396EBDF}.Debug|x86.ActiveCfg = Debug|Win32
		{478076CC-8002-4E44-B788-8DAA7396EBDF}.Debug|x86.Build.0 = Debug|Win32
		{478076CC-8002-4E44-B788-8DAA7396EBDF}.Release|x64.ActiveCfg = Release|x64
		{478076CC-8002-4E44-B788-8DAA7396EBDF}.Release|x64.Build.0 = Release|x64
		{478076CC-8002-4E44-B788-8DAA7396EBDF}.Release|x86.ActiveCfg = Release|Win32
		{478076CC-8002-4E44-B788-8DAA7396EBDF}.Release|x86.Build.0 = Release|Win32
		{36D5390A-0D9D-4CB1-A5AC-811D28476558}.Debug|x64.ActiveCfg = Debug|x64
		{36D5390A-0D9D-4CB1-A5AC-811D28476558}.Debug|x64.Build.0 = Debug|x64
		{36D5390A-0D9D-4CB1-A5AC-811D28476558}.Debug|x86.ActiveCfg = Debug|Win32
		{36D5390A-0D9D-4CB1-A5AC-811D28476558}.Debug|x86.Build.0 = Debug|Win32
		{36D5390A-0D9D-4CB1-A5AC-811D28476558}.Release|x64.ActiveCfg = Release|x64
		{36D5390A-0D9D-4CB1-A5AC-811D28476558}.Release|x64.Build.0 = Release|x64
		{36D5390A-0D9D-4CB1-A5AC-811D28476558}.Release|x86.ActiveCfg = Release|Win32
		{36D5390A-0D9D-4CB1-A5AC-811D28476558}.Release|x86.Build.0 = Release|Win32
		{6C5669B9-E2A3-4833-B8A3-6AA70160AFA8}.Debug|x64.ActiveCfg = Debug|x64
		{6C5669B9-E2A3-4833-B8A3-6AA70160AFA8}.Debug|x64.Build.0 = Debug|x64
		{6C5669B9-E2A3-4833-B8A3-6AA70160AFA8}.Debug|x86.ActiveCfg = Debug|Win32
		{6C5669B9-E2A3-4833-B8A3-6AA70160AFA8}.Debug|x86.Build.0 = Debug|Win32
		{6C5669B9-E2A3-4833-B8A3-6AA70160AFA8}.Release|x64.ActiveCfg = Release|x64
		{6C5669B9-E2A3-4833-B8A3-6AA70160AFA8}.Release|x64.Build.0 = Release|x64
		{6C5669B9-E2A3-4833-B8A3-6AA70160AFA8}.Release|x86.ActiveCfg = Release|Win32
		{6C5669B9-E2A3-4833-B8A3-6AA70160AFA8}.Release|x86.Build.0 = Release|Win32
		{197DA34E-057B-4743-A5F0-F2C77EB802D2}.Debug|x64.ActiveCfg = Debug|x64
		{197DA34E-057B-4743-A5F0-F2C77EB802D2}.Debug|x64.Build.0 = Debug|x64
		{197DA34E-057B-4743-A5F0-F2C77EB802D2}.Debug|x86.ActiveCfg = Debug|Win32
		{197DA34E-057B-4743-A5F0-F2C77EB802D2}.Debug|x86.Build.0 = Debug|Win32
		{197DA34E-057B-4743-A5F0-F2C77EB802D2}.Release|x64.ActiveCfg = Release|x64
		{197DA34E-057B-4743-A5F0-F2C77EB802D2}.Release|x64.Build.0 = Release|x64
		{197DA34E-057B-4743-A5F0-F2C77EB802D2}.Release|x86.ActiveCfg = Release|Win32
		{197DA34E-057B-4743-A5F0-F2C77EB802D2}.Release|x86.Build.0 = Release|Win32
		{54496C35-7596-412C-8F35-60B3651CD31E}.Debug|x64.ActiveCfg = Debug|x64
		{54496C35-7596-412C-8F35-60B3651CD31E}.Debug|x64.Build.0 = Debug|x64
		{54496C35-7596-412C-8F35-60B3651CD31E}.Debug|x86.ActiveCfg = Debug|Win32
		{54496C35-7596-412C-8F35-60B3651CD31E}.Debug|x86.Build.0 = Debug|Win32
		{54496C35-7596-412C-8F35-60B3651CD31E}.Release|x64.ActiveCfg = Release|x64
		{54496C35-7596-412C-8F35-60B3651CD31E}.Release|x64.Build.0 = Release|x64
		{54496C35-7596-412C-8F35-60B3651CD31E}.Release|x86.ActiveCfg = Release|Win32
		{54496C35-7596-412C-8F35-60B3651CD31E}.Release|x86.Build.0 = Release|Win32
		{3FC7CD8B-E553-4AB3-8D62-E30CB4D4BCFA}.Debug|x64.ActiveCfg = Debug|x64
		{3FC7CD8B-E553-4AB3-8D62-E30CB4D4BCFA}.Debug|x64.Build.0 = Debug|x64
		{3FC7CD8B-E553-4AB3-8D62-E30CB4D4BCFA}.Debug|x86.ActiveCfg = Debug|Win32
		{3FC7CD8B-E553-4AB3-8D62-E30CB4D4BCFA}.Debug|x86.Build.0 = Debug|Win32
		{3FC7CD8B-E553-4AB3-8D62-E30CB4D4BCFA}.Release|x64.ActiveCfg = Release|x64
		{3FC7CD8B-E553-4AB3-8D62-E30CB4D4BCFA}.Release|x64.Build.0 = Release|x64
		{3FC7CD8B-E553-4AB3-8D62-E30CB4D4BCFA}.Release|x86.ActiveCfg = Release|Win32
		{3FC7CD8B-E553-4AB3-8D62-E30CB4D4BCFA}.Release|x86.Build.0 = Release|Win32
		{BE3E633A-8068-4424-AEE2-432F3B4B689C}.Debug|x64.ActiveCfg = Debug|x64
		{BE3E633A-8068-4424-AEE2-432F3B4B689C}.Debug|x64.Build.0 = Debug|x64
		{BE3E633A-8068-4424-AEE2-432F3B4B689C}.Debug|x86.ActiveCfg = Debug|Win32
		{BE3E633A-8068-4424-AEE2-432F3B4B689C}.Debug|x86.Build.0 = Debug|Win32
		{BE3E633A-8068-4424-AEE2-432F3B4B689C}.Release|x64.ActiveCfg = Release|x64
		{BE3E633A-8068-4424-AEE2-432F3B4B689C}.Release|x64.Build.0 = Release|x64
		{BE3E633A-8068-4424-AEE2-432F3B4B689C}.Release|x86.ActiveCfg = Release|Win32
		{BE3E633A-8068-4424-AEE2-432F3B4B689C}.Release|x86.Build.0 = Release|Win32
		{A260DDC6-8EA3-4981-80F3-779A510AE382}.Debug|x64.ActiveCfg = Debug|x64
		{A260DDC6-8EA3-4981-80F3-779A510AE382}.Debug|x64.Build.0 = Debug|x64
		{A260DDC6-8EA3-4981-80F3-779A510AE382}.Debug|x86.ActiveCfg = Debug|Win32
		{A260DDC6-8EA3-4981-80F3-779A510AE382}.Debug|x86.Build.0 = Debug|Win32
		{A260DDC6-8EA3-4981-80F3-779A510AE382}.Release|x64.ActiveCfg = Release|x64
		{A260DDC6-8EA3-4981-80F3-779A510AE382}.Release|x64.Build.0 = Release|x64
		{A260DDC6-8EA3-4981-80F3-779A510AE382}.Release|x86.ActiveCfg = Release|Win32
		{A260DDC6-8EA3-4981-80F3-779A510AE382}.Release|x86.Build.0 = Release|Win32
	EndGlobalSection
	GlobalSection(SolutionProperties) = preSolution
		HideSolutionNode = FALSE
	EndGlobalSection
	GlobalSection(ExtensibilityGlobals) = postSolution
		SolutionGuid = {8F20D172-5429-46DC-8192-4996423CC502}
	EndGlobalSection
EndGlobal
