
Microsoft Visual Studio Solution File, Format Version 12.00
# Visual Studio Version 17
VisualStudioVersion = 17.11.35222.181
MinimumVisualStudioVersion = 10.0.40219.1
Project("{8BC9CEB8-8B4A-11D0-8D11-00A0C91BC942}") = "Opdracht1", "Opdracht1\Opdracht1.vcxproj", "{A5E2FCA6-8A55-4FAC-A1AE-EC4BCF7C2356}"
EndProject
Project("{8BC9CEB8-8B4A-11D0-8D11-00A0C91BC942}") = "Opdracht2", "Opdracht2\Opdracht2.vcxproj", "{031B2969-DCDD-4239-9F89-8A87534D3849}"
EndProject
Project("{8BC9CEB8-8B4A-11D0-8D11-00A0C91BC942}") = "Opdracht3", "Opdracht3\Opdracht3.vcxproj", "{D2439420-DEE5-4163-ADF1-F54081DF3558}"
EndProject
Project("{8BC9CEB8-8B4A-11D0-8D11-00A0C91BC942}") = "Opdracht4", "Opdracht4\Opdracht4.vcxproj", "{12DB3E06-6AC2-4B28-80E9-596F33D174C4}"
EndProject
Project("{8BC9CEB8-8B4A-11D0-8D11-00A0C91BC942}") = "Opdracht5", "Opdracht5\Opdracht5.vcxproj", "{57E7902D-B480-4B3F-8804-0397DF89F3AA}"
EndProject
Project("{8BC9CEB8-8B4A-11D0-8D11-00A0C91BC942}") = "Opdracht6", "Opdracht6\Opdracht6.vcxproj", "{D28A8F5A-5356-421B-8B29-7AA985885DBC}"
EndProject
Project("{8BC9CEB8-8B4A-11D0-8D11-00A0C91BC942}") = "Opdracht7", "Opdracht7\Opdracht7.vcxproj", "{36A161DB-36AD-4A64-8F5B-9F806217B560}"
EndProject
Project("{8BC9CEB8-8B4A-11D0-8D11-00A0C91BC942}") = "Opdracht8", "Opdracht8\Opdracht8.vcxproj", "{5408200F-ED1C-4816-B7C7-887A5FA275C2}"
EndProject
Project("{8BC9CEB8-8B4A-11D0-8D11-00A0C91BC942}") = "Opdracht9", "Opdracht9\Opdracht9.vcxproj", "{B434DD4E-2BC2-4F6D-A001-0AC2F6D92D49}"
EndProject
Project("{8BC9CEB8-8B4A-11D0-8D11-00A0C91BC942}") = "Opdracht10", "Opdracht10\Opdracht10.vcxproj", "{592967FC-3921-42C5-97A4-A0911BDBC336}"
EndProject
Global
	GlobalSection(SolutionConfigurationPlatforms) = preSolution
		Debug|x64 = Debug|x64
		Debug|x86 = Debug|x86
		Release|x64 = Release|x64
		Release|x86 = Release|x86
	EndGlobalSection
	GlobalSection(ProjectConfigurationPlatforms) = postSolution
		{A5E2FCA6-8A55-4FAC-A1AE-EC4BCF7C2356}.Debug|x64.ActiveCfg = Debug|x64
		{A5E2FCA6-8A55-4FAC-A1AE-EC4BCF7C2356}.Debug|x64.Build.0 = Debug|x64
		{A5E2FCA6-8A55-4FAC-A1AE-EC4BCF7C2356}.Debug|x86.ActiveCfg = Debug|Win32
		{A5E2FCA6-8A55-4FAC-A1AE-EC4BCF7C2356}.Debug|x86.Build.0 = Debug|Win32
		{A5E2FCA6-8A55-4FAC-A1AE-EC4BCF7C2356}.Release|x64.ActiveCfg = Release|x64
		{A5E2FCA6-8A55-4FAC-A1AE-EC4BCF7C2356}.Release|x64.Build.0 = Release|x64
		{A5E2FCA6-8A55-4FAC-A1AE-EC4BCF7C2356}.Release|x86.ActiveCfg = Release|Win32
		{A5E2FCA6-8A55-4FAC-A1AE-EC4BCF7C2356}.Release|x86.Build.0 = Release|Win32
		{031B2969-DCDD-4239-9F89-8A87534D3849}.Debug|x64.ActiveCfg = Debug|x64
		{031B2969-DCDD-4239-9F89-8A87534D3849}.Debug|x64.Build.0 = Debug|x64
		{031B2969-DCDD-4239-9F89-8A87534D3849}.Debug|x86.ActiveCfg = Debug|Win32
		{031B2969-DCDD-4239-9F89-8A87534D3849}.Debug|x86.Build.0 = Debug|Win32
		{031B2969-DCDD-4239-9F89-8A87534D3849}.Release|x64.ActiveCfg = Release|x64
		{031B2969-DCDD-4239-9F89-8A87534D3849}.Release|x64.Build.0 = Release|x64
		{031B2969-DCDD-4239-9F89-8A87534D3849}.Release|x86.ActiveCfg = Release|Win32
		{031B2969-DCDD-4239-9F89-8A87534D3849}.Release|x86.Build.0 = Release|Win32
		{D2439420-DEE5-4163-ADF1-F54081DF3558}.Debug|x64.ActiveCfg = Debug|x64
		{D2439420-DEE5-4163-ADF1-F54081DF3558}.Debug|x64.Build.0 = Debug|x64
		{D2439420-DEE5-4163-ADF1-F54081DF3558}.Debug|x86.ActiveCfg = Debug|Win32
		{D2439420-DEE5-4163-ADF1-F54081DF3558}.Debug|x86.Build.0 = Debug|Win32
		{D2439420-DEE5-4163-ADF1-F54081DF3558}.Release|x64.ActiveCfg = Release|x64
		{D2439420-DEE5-4163-ADF1-F54081DF3558}.Release|x64.Build.0 = Release|x64
		{D2439420-DEE5-4163-ADF1-F54081DF3558}.Release|x86.ActiveCfg = Release|Win32
		{D2439420-DEE5-4163-ADF1-F54081DF3558}.Release|x86.Build.0 = Release|Win32
		{12DB3E06-6AC2-4B28-80E9-596F33D174C4}.Debug|x64.ActiveCfg = Debug|x64
		{12DB3E06-6AC2-4B28-80E9-596F33D174C4}.Debug|x64.Build.0 = Debug|x64
		{12DB3E06-6AC2-4B28-80E9-596F33D174C4}.Debug|x86.ActiveCfg = Debug|Win32
		{12DB3E06-6AC2-4B28-80E9-596F33D174C4}.Debug|x86.Build.0 = Debug|Win32
		{12DB3E06-6AC2-4B28-80E9-596F33D174C4}.Release|x64.ActiveCfg = Release|x64
		{12DB3E06-6AC2-4B28-80E9-596F33D174C4}.Release|x64.Build.0 = Release|x64
		{12DB3E06-6AC2-4B28-80E9-596F33D174C4}.Release|x86.ActiveCfg = Release|Win32
		{12DB3E06-6AC2-4B28-80E9-596F33D174C4}.Release|x86.Build.0 = Release|Win32
		{57E7902D-B480-4B3F-8804-0397DF89F3AA}.Debug|x64.ActiveCfg = Debug|x64
		{57E7902D-B480-4B3F-8804-0397DF89F3AA}.Debug|x64.Build.0 = Debug|x64
		{57E7902D-B480-4B3F-8804-0397DF89F3AA}.Debug|x86.ActiveCfg = Debug|Win32
		{57E7902D-B480-4B3F-8804-0397DF89F3AA}.Debug|x86.Build.0 = Debug|Win32
		{57E7902D-B480-4B3F-8804-0397DF89F3AA}.Release|x64.ActiveCfg = Release|x64
		{57E7902D-B480-4B3F-8804-0397DF89F3AA}.Release|x64.Build.0 = Release|x64
		{57E7902D-B480-4B3F-8804-0397DF89F3AA}.Release|x86.ActiveCfg = Release|Win32
		{57E7902D-B480-4B3F-8804-0397DF89F3AA}.Release|x86.Build.0 = Release|Win32
		{D28A8F5A-5356-421B-8B29-7AA985885DBC}.Debug|x64.ActiveCfg = Debug|x64
		{D28A8F5A-5356-421B-8B29-7AA985885DBC}.Debug|x64.Build.0 = Debug|x64
		{D28A8F5A-5356-421B-8B29-7AA985885DBC}.Debug|x86.ActiveCfg = Debug|Win32
		{D28A8F5A-5356-421B-8B29-7AA985885DBC}.Debug|x86.Build.0 = Debug|Win32
		{D28A8F5A-5356-421B-8B29-7AA985885DBC}.Release|x64.ActiveCfg = Release|x64
		{D28A8F5A-5356-421B-8B29-7AA985885DBC}.Release|x64.Build.0 = Release|x64
		{D28A8F5A-5356-421B-8B29-7AA985885DBC}.Release|x86.ActiveCfg = Release|Win32
		{D28A8F5A-5356-421B-8B29-7AA985885DBC}.Release|x86.Build.0 = Release|Win32
		{36A161DB-36AD-4A64-8F5B-9F806217B560}.Debug|x64.ActiveCfg = Debug|x64
		{36A161DB-36AD-4A64-8F5B-9F806217B560}.Debug|x64.Build.0 = Debug|x64
		{36A161DB-36AD-4A64-8F5B-9F806217B560}.Debug|x86.ActiveCfg = Debug|Win32
		{36A161DB-36AD-4A64-8F5B-9F806217B560}.Debug|x86.Build.0 = Debug|Win32
		{36A161DB-36AD-4A64-8F5B-9F806217B560}.Release|x64.ActiveCfg = Release|x64
		{36A161DB-36AD-4A64-8F5B-9F806217B560}.Release|x64.Build.0 = Release|x64
		{36A161DB-36AD-4A64-8F5B-9F806217B560}.Release|x86.ActiveCfg = Release|Win32
		{36A161DB-36AD-4A64-8F5B-9F806217B560}.Release|x86.Build.0 = Release|Win32
		{5408200F-ED1C-4816-B7C7-887A5FA275C2}.Debug|x64.ActiveCfg = Debug|x64
		{5408200F-ED1C-4816-B7C7-887A5FA275C2}.Debug|x64.Build.0 = Debug|x64
		{5408200F-ED1C-4816-B7C7-887A5FA275C2}.Debug|x86.ActiveCfg = Debug|Win32
		{5408200F-ED1C-4816-B7C7-887A5FA275C2}.Debug|x86.Build.0 = Debug|Win32
		{5408200F-ED1C-4816-B7C7-887A5FA275C2}.Release|x64.ActiveCfg = Release|x64
		{5408200F-ED1C-4816-B7C7-887A5FA275C2}.Release|x64.Build.0 = Release|x64
		{5408200F-ED1C-4816-B7C7-887A5FA275C2}.Release|x86.ActiveCfg = Release|Win32
		{5408200F-ED1C-4816-B7C7-887A5FA275C2}.Release|x86.Build.0 = Release|Win32
		{B434DD4E-2BC2-4F6D-A001-0AC2F6D92D49}.Debug|x64.ActiveCfg = Debug|x64
		{B434DD4E-2BC2-4F6D-A001-0AC2F6D92D49}.Debug|x64.Build.0 = Debug|x64
		{B434DD4E-2BC2-4F6D-A001-0AC2F6D92D49}.Debug|x86.ActiveCfg = Debug|Win32
		{B434DD4E-2BC2-4F6D-A001-0AC2F6D92D49}.Debug|x86.Build.0 = Debug|Win32
		{B434DD4E-2BC2-4F6D-A001-0AC2F6D92D49}.Release|x64.ActiveCfg = Release|x64
		{B434DD4E-2BC2-4F6D-A001-0AC2F6D92D49}.Release|x64.Build.0 = Release|x64
		{B434DD4E-2BC2-4F6D-A001-0AC2F6D92D49}.Release|x86.ActiveCfg = Release|Win32
		{B434DD4E-2BC2-4F6D-A001-0AC2F6D92D49}.Release|x86.Build.0 = Release|Win32
		{592967FC-3921-42C5-97A4-A0911BDBC336}.Debug|x64.ActiveCfg = Debug|x64
		{592967FC-3921-42C5-97A4-A0911BDBC336}.Debug|x64.Build.0 = Debug|x64
		{592967FC-3921-42C5-97A4-A0911BDBC336}.Debug|x86.ActiveCfg = Debug|Win32
		{592967FC-3921-42C5-97A4-A0911BDBC336}.Debug|x86.Build.0 = Debug|Win32
		{592967FC-3921-42C5-97A4-A0911BDBC336}.Release|x64.ActiveCfg = Release|x64
		{592967FC-3921-42C5-97A4-A0911BDBC336}.Release|x64.Build.0 = Release|x64
		{592967FC-3921-42C5-97A4-A0911BDBC336}.Release|x86.ActiveCfg = Release|Win32
		{592967FC-3921-42C5-97A4-A0911BDBC336}.Release|x86.Build.0 = Release|Win32
	EndGlobalSection
	GlobalSection(SolutionProperties) = preSolution
		HideSolutionNode = FALSE
	EndGlobalSection
	GlobalSection(ExtensibilityGlobals) = postSolution
		SolutionGuid = {943206DB-CFD1-4136-907C-037A6C782404}
	EndGlobalSection
EndGlobal
